
Microsoft Visual Studio Solution File, Format Version 12.00
# Visual Studio Version 17
VisualStudioVersion = 17.0.31423.177
MinimumVisualStudioVersion = 10.0.40219.1
Project("{9A19103F-16F7-4668-BE54-9A1E7A4F7556}") = "OdataExpandDemo", "OdataExpandDemo\OdataExpandDemo.csproj", "{24E3749F-CCA3-470D-AAFE-F533B12CD9C9}"
EndProject
Project("{9A19103F-16F7-4668-BE54-9A1E7A4F7556}") = "OdataExpandDemo.Tests", "OdataExpandDemo.Tests\OdataExpandDemo.Tests.csproj", "{20E341F7-3DB9-4540-90FC-F1EEF9606784}"
EndProject
Global
	GlobalSection(SolutionConfigurationPlatforms) = preSolution
		Debug|Any CPU = Debug|Any CPU
		Release|Any CPU = Release|Any CPU
	EndGlobalSection
	GlobalSection(ProjectConfigurationPlatforms) = postSolution
		{24E3749F-CCA3-470D-AAFE-F533B12CD9C9}.Debug|Any CPU.ActiveCfg = Debug|Any CPU
		{24E3749F-CCA3-470D-AAFE-F533B12CD9C9}.Debug|Any CPU.Build.0 = Debug|Any CPU
		{24E3749F-CCA3-470D-AAFE-F533B12CD9C9}.Release|Any CPU.ActiveCfg = Release|Any CPU
		{24E3749F-CCA3-470D-AAFE-F533B12CD9C9}.Release|Any CPU.Build.0 = Release|Any CPU
		{20E341F7-3DB9-4540-90FC-F1EEF9606784}.Debug|Any CPU.ActiveCfg = Debug|Any CPU
		{20E341F7-3DB9-4540-90FC-F1EEF9606784}.Debug|Any CPU.Build.0 = Debug|Any CPU
		{20E341F7-3DB9-4540-90FC-F1EEF9606784}.Release|Any CPU.ActiveCfg = Release|Any CPU
		{20E341F7-3DB9-4540-90FC-F1EEF9606784}.Release|Any CPU.Build.0 = Release|Any CPU
	EndGlobalSection
	GlobalSection(SolutionProperties) = preSolution
		HideSolutionNode = FALSE
	EndGlobalSection
	GlobalSection(ExtensibilityGlobals) = postSolution
		SolutionGuid = {595752F0-3D48-432D-A08F-9B1BE957D80E}
	EndGlobalSection
EndGlobal
